
Microsoft Visual Studio Solution File, Format Version 12.00
# Visual Studio 2013
VisualStudioVersion = 12.0.31101.0
MinimumVisualStudioVersion = 10.0.40219.1
Project("{FAE04EC0-301F-11D3-BF4B-00C04F79EFBC}") = "Lecture 1 - Hello, MVC!", "Lecture1 - Hello, MVC!\Lecture 1 - Hello, MVC!.csproj", "{1F674960-3DE0-4A00-85FC-A338AF7E27D7}"
EndProject
Project("{FAE04EC0-301F-11D3-BF4B-00C04F79EFBC}") = "Lecture 2.1 - ADO.NET and EntityFramework", "Lecture2.1 - ADO.NET and EntityFramework\Lecture 2.1 - ADO.NET and EntityFramework.csproj", "{91BA1F04-03DD-41AA-97E8-450B540BAA4A}"
EndProject
Project("{FAE04EC0-301F-11D3-BF4B-00C04F79EFBC}") = "Lecture2.2 - CodeFirst Approach", "Lecture2.2 - Entity CodeFirst\Lecture2.2 - CodeFirst Approach.csproj", "{716EB953-8371-4C4C-BFB9-EC2381D691EA}"
EndProject
Global
	GlobalSection(SolutionConfigurationPlatforms) = preSolution
		Debug|Any CPU = Debug|Any CPU
		Release|Any CPU = Release|Any CPU
	EndGlobalSection
	GlobalSection(ProjectConfigurationPlatforms) = postSolution
		{1F674960-3DE0-4A00-85FC-A338AF7E27D7}.Debug|Any CPU.ActiveCfg = Debug|Any CPU
		{1F674960-3DE0-4A00-85FC-A338AF7E27D7}.Debug|Any CPU.Build.0 = Debug|Any CPU
		{1F674960-3DE0-4A00-85FC-A338AF7E27D7}.Release|Any CPU.ActiveCfg = Release|Any CPU
		{1F674960-3DE0-4A00-85FC-A338AF7E27D7}.Release|Any CPU.Build.0 = Release|Any CPU
		{91BA1F04-03DD-41AA-97E8-450B540BAA4A}.Debug|Any CPU.ActiveCfg = Debug|Any CPU
		{91BA1F04-03DD-41AA-97E8-450B540BAA4A}.Debug|Any CPU.Build.0 = Debug|Any CPU
		{91BA1F04-03DD-41AA-97E8-450B540BAA4A}.Release|Any CPU.ActiveCfg = Release|Any CPU
		{91BA1F04-03DD-41AA-97E8-450B540BAA4A}.Release|Any CPU.Build.0 = Release|Any CPU
		{716EB953-8371-4C4C-BFB9-EC2381D691EA}.Debug|Any CPU.ActiveCfg = Debug|Any CPU
		{716EB953-8371-4C4C-BFB9-EC2381D691EA}.Debug|Any CPU.Build.0 = Debug|Any CPU
		{716EB953-8371-4C4C-BFB9-EC2381D691EA}.Release|Any CPU.ActiveCfg = Release|Any CPU
		{716EB953-8371-4C4C-BFB9-EC2381D691EA}.Release|Any CPU.Build.0 = Release|Any CPU
	EndGlobalSection
	GlobalSection(SolutionProperties) = preSolution
		HideSolutionNode = FALSE
	EndGlobalSection
EndGlobal
