
Microsoft Visual Studio Solution File, Format Version 12.00
# Visual Studio 2013
VisualStudioVersion = 12.0.31101.0
MinimumVisualStudioVersion = 10.0.40219.1
Project("{FAE04EC0-301F-11D3-BF4B-00C04F79EFBC}") = "Lecture 1 - Hello, MVC!", "Lecture 1 - Hello, MVC!\Lecture 1 - Hello, MVC!.csproj", "{1F674960-3DE0-4A00-85FC-A338AF7E27D7}"
EndProject
Project("{FAE04EC0-301F-11D3-BF4B-00C04F79EFBC}") = "Lecture 2.1 - ADO.NET and EntityFramework", "Lecture 2.1 - ADO.NET and EntityFramework\Lecture 2.1 - ADO.NET and EntityFramework.csproj", "{91BA1F04-03DD-41AA-97E8-450B540BAA4A}"
EndProject
Project("{FAE04EC0-301F-11D3-BF4B-00C04F79EFBC}") = "Lecture 2.2 - CodeFirst Approach", "Lecture 2.2 - Entity CodeFirst\Lecture 2.2 - CodeFirst Approach.csproj", "{716EB953-8371-4C4C-BFB9-EC2381D691EA}"
EndProject
Project("{FAE04EC0-301F-11D3-BF4B-00C04F79EFBC}") = "Lecture 3 - IoC, DI, Mock and friends", "Lecture 3 - DI, IoC, Mock and friends\Lecture 3 - IoC, DI, Mock and friends.csproj", "{1F07FA0A-06B9-4F0D-BD52-0CD1FC96BFD8}"
EndProject
Project("{FAE04EC0-301F-11D3-BF4B-00C04F79EFBC}") = "Lecture 3.Tests", "Lecture 3.Tests\Lecture 3.Tests.csproj", "{12B841C8-7D19-436D-A2A9-50C1ED1503CA}"
EndProject
Project("{FAE04EC0-301F-11D3-BF4B-00C04F79EFBC}") = "Lecture 4 - POST", "Lecture 4 - POST\Lecture 4 - POST.csproj", "{B20B39F3-FD35-434E-AD8F-534FBCB856A1}"
EndProject
Project("{FAE04EC0-301F-11D3-BF4B-00C04F79EFBC}") = "Lecture 5 - Фильтры и аутентификация", "Lecture5\Lecture 5 - Фильтры и аутентификация.csproj", "{8B388EE8-23F3-4E09-824D-E00A03CF40ED}"
EndProject
Global
	GlobalSection(SolutionConfigurationPlatforms) = preSolution
		Debug|Any CPU = Debug|Any CPU
		Release|Any CPU = Release|Any CPU
	EndGlobalSection
	GlobalSection(ProjectConfigurationPlatforms) = postSolution
		{1F674960-3DE0-4A00-85FC-A338AF7E27D7}.Debug|Any CPU.ActiveCfg = Debug|Any CPU
		{1F674960-3DE0-4A00-85FC-A338AF7E27D7}.Debug|Any CPU.Build.0 = Debug|Any CPU
		{1F674960-3DE0-4A00-85FC-A338AF7E27D7}.Release|Any CPU.ActiveCfg = Release|Any CPU
		{1F674960-3DE0-4A00-85FC-A338AF7E27D7}.Release|Any CPU.Build.0 = Release|Any CPU
		{91BA1F04-03DD-41AA-97E8-450B540BAA4A}.Debug|Any CPU.ActiveCfg = Debug|Any CPU
		{91BA1F04-03DD-41AA-97E8-450B540BAA4A}.Debug|Any CPU.Build.0 = Debug|Any CPU
		{91BA1F04-03DD-41AA-97E8-450B540BAA4A}.Release|Any CPU.ActiveCfg = Release|Any CPU
		{91BA1F04-03DD-41AA-97E8-450B540BAA4A}.Release|Any CPU.Build.0 = Release|Any CPU
		{716EB953-8371-4C4C-BFB9-EC2381D691EA}.Debug|Any CPU.ActiveCfg = Debug|Any CPU
		{716EB953-8371-4C4C-BFB9-EC2381D691EA}.Debug|Any CPU.Build.0 = Debug|Any CPU
		{716EB953-8371-4C4C-BFB9-EC2381D691EA}.Release|Any CPU.ActiveCfg = Release|Any CPU
		{716EB953-8371-4C4C-BFB9-EC2381D691EA}.Release|Any CPU.Build.0 = Release|Any CPU
		{1F07FA0A-06B9-4F0D-BD52-0CD1FC96BFD8}.Debug|Any CPU.ActiveCfg = Debug|Any CPU
		{1F07FA0A-06B9-4F0D-BD52-0CD1FC96BFD8}.Debug|Any CPU.Build.0 = Debug|Any CPU
		{1F07FA0A-06B9-4F0D-BD52-0CD1FC96BFD8}.Release|Any CPU.ActiveCfg = Release|Any CPU
		{1F07FA0A-06B9-4F0D-BD52-0CD1FC96BFD8}.Release|Any CPU.Build.0 = Release|Any CPU
		{12B841C8-7D19-436D-A2A9-50C1ED1503CA}.Debug|Any CPU.ActiveCfg = Debug|Any CPU
		{12B841C8-7D19-436D-A2A9-50C1ED1503CA}.Debug|Any CPU.Build.0 = Debug|Any CPU
		{12B841C8-7D19-436D-A2A9-50C1ED1503CA}.Release|Any CPU.ActiveCfg = Release|Any CPU
		{12B841C8-7D19-436D-A2A9-50C1ED1503CA}.Release|Any CPU.Build.0 = Release|Any CPU
		{B20B39F3-FD35-434E-AD8F-534FBCB856A1}.Debug|Any CPU.ActiveCfg = Debug|Any CPU
		{B20B39F3-FD35-434E-AD8F-534FBCB856A1}.Debug|Any CPU.Build.0 = Debug|Any CPU
		{B20B39F3-FD35-434E-AD8F-534FBCB856A1}.Release|Any CPU.ActiveCfg = Release|Any CPU
		{B20B39F3-FD35-434E-AD8F-534FBCB856A1}.Release|Any CPU.Build.0 = Release|Any CPU
		{8B388EE8-23F3-4E09-824D-E00A03CF40ED}.Debug|Any CPU.ActiveCfg = Debug|Any CPU
		{8B388EE8-23F3-4E09-824D-E00A03CF40ED}.Debug|Any CPU.Build.0 = Debug|Any CPU
		{8B388EE8-23F3-4E09-824D-E00A03CF40ED}.Release|Any CPU.ActiveCfg = Release|Any CPU
		{8B388EE8-23F3-4E09-824D-E00A03CF40ED}.Release|Any CPU.Build.0 = Release|Any CPU
	EndGlobalSection
	GlobalSection(SolutionProperties) = preSolution
		HideSolutionNode = FALSE
	EndGlobalSection
EndGlobal
